
Microsoft Visual Studio Solution File, Format Version 12.00
# Visual Studio 15
VisualStudioVersion = 15.0.27428.2043
MinimumVisualStudioVersion = 10.0.40219.1
Project("{FAE04EC0-301F-11D3-BF4B-00C04F79EFBC}") = "Adapter", "Adapter\Adapter.csproj", "{C5F8D2FF-32F1-401B-ADE0-57FEF11CE038}"
EndProject
Project("{FAE04EC0-301F-11D3-BF4B-00C04F79EFBC}") = "Command", "Command\Command.csproj", "{C520D5E8-EE10-4891-944E-E994EB0ABCCB}"
EndProject
Project("{FAE04EC0-301F-11D3-BF4B-00C04F79EFBC}") = "Composite", "Composite\Composite.csproj", "{CB18A3B4-84D0-4FBD-9F92-1A0A7934CF4E}"
EndProject
Project("{FAE04EC0-301F-11D3-BF4B-00C04F79EFBC}") = "Decorator", "Decorator\Decorator.csproj", "{31552177-9AED-467D-B9FF-9803FEC60CF8}"
EndProject
Project("{FAE04EC0-301F-11D3-BF4B-00C04F79EFBC}") = "Facade", "Facade\Facade.csproj", "{12EE5274-B8A8-405F-B245-B5A4FA7B25C8}"
EndProject
Project("{FAE04EC0-301F-11D3-BF4B-00C04F79EFBC}") = "FactoryMethod", "FactoryMethod\FactoryMethod.csproj", "{3663847D-5FCA-4B0F-A831-3CFC739F6998}"
EndProject
Project("{FAE04EC0-301F-11D3-BF4B-00C04F79EFBC}") = "AbstractFactory", "AbstractFactory\AbstractFactory.csproj", "{07536F21-3CD7-4CC2-93D8-5E5C18736A24}"
EndProject
Project("{FAE04EC0-301F-11D3-BF4B-00C04F79EFBC}") = "TemplateMethod", "TemplateMethod\TemplateMethod.csproj", "{F6E9EBC7-8C62-4C1E-AB1E-C1AE1335F774}"
EndProject
Project("{FAE04EC0-301F-11D3-BF4B-00C04F79EFBC}") = "Iterator", "Iterator\Iterator.csproj", "{60C15682-09AC-46F8-9F22-9850E19E37DD}"
EndProject
Project("{FAE04EC0-301F-11D3-BF4B-00C04F79EFBC}") = "Observer", "Observer\Observer.csproj", "{6073DC3E-954E-487E-9A2B-4E4F29E196A3}"
EndProject
Project("{FAE04EC0-301F-11D3-BF4B-00C04F79EFBC}") = "Singleton", "Singleton\Singleton.csproj", "{E5D31024-669D-49B3-9E58-B5A7EEED20AA}"
EndProject
Project("{FAE04EC0-301F-11D3-BF4B-00C04F79EFBC}") = "State", "State\State.csproj", "{E22B2938-C8F3-434F-A08A-C5DE00CC72C2}"
EndProject
Project("{FAE04EC0-301F-11D3-BF4B-00C04F79EFBC}") = "Strategy", "Strategy\Strategy.csproj", "{F5411129-E3FE-456A-A363-6A4095C964B4}"
EndProject
Project("{FAE04EC0-301F-11D3-BF4B-00C04F79EFBC}") = "Bridge", "Bridge\Bridge.csproj", "{86CB6CEF-C6FC-448B-B8BF-F0C3A711AFCF}"
EndProject
Project("{FAE04EC0-301F-11D3-BF4B-00C04F79EFBC}") = "Builder", "Builder\Builder.csproj", "{A03DEA2B-3C12-4952-BECD-04C5AEE0F566}"
EndProject
Project("{FAE04EC0-301F-11D3-BF4B-00C04F79EFBC}") = "Chain", "Chain\Chain.csproj", "{8FB23826-B21E-4801-8215-F249A2DB7950}"
EndProject
Project("{FAE04EC0-301F-11D3-BF4B-00C04F79EFBC}") = "Flyweight", "Flyweight\Flyweight.csproj", "{C61A998E-E882-498C-B4A5-324DB58A95AD}"
EndProject
Project("{FAE04EC0-301F-11D3-BF4B-00C04F79EFBC}") = "Mediator", "Mediator\Mediator.csproj", "{5A63197E-8C58-4361-AF75-5B5548CB4C2B}"
EndProject
Project("{FAE04EC0-301F-11D3-BF4B-00C04F79EFBC}") = "Memento", "Memento\Memento.csproj", "{411DC427-0455-4844-B878-D4726026A382}"
EndProject
Global
	GlobalSection(SolutionConfigurationPlatforms) = preSolution
		Debug|Any CPU = Debug|Any CPU
		Debug|x64 = Debug|x64
		Debug|x86 = Debug|x86
		Release|Any CPU = Release|Any CPU
		Release|x64 = Release|x64
		Release|x86 = Release|x86
	EndGlobalSection
	GlobalSection(ProjectConfigurationPlatforms) = postSolution
		{C5F8D2FF-32F1-401B-ADE0-57FEF11CE038}.Debug|Any CPU.ActiveCfg = Debug|Any CPU
		{C5F8D2FF-32F1-401B-ADE0-57FEF11CE038}.Debug|Any CPU.Build.0 = Debug|Any CPU
		{C5F8D2FF-32F1-401B-ADE0-57FEF11CE038}.Debug|x64.ActiveCfg = Debug|Any CPU
		{C5F8D2FF-32F1-401B-ADE0-57FEF11CE038}.Debug|x64.Build.0 = Debug|Any CPU
		{C5F8D2FF-32F1-401B-ADE0-57FEF11CE038}.Debug|x86.ActiveCfg = Debug|Any CPU
		{C5F8D2FF-32F1-401B-ADE0-57FEF11CE038}.Debug|x86.Build.0 = Debug|Any CPU
		{C5F8D2FF-32F1-401B-ADE0-57FEF11CE038}.Release|Any CPU.ActiveCfg = Release|Any CPU
		{C5F8D2FF-32F1-401B-ADE0-57FEF11CE038}.Release|Any CPU.Build.0 = Release|Any CPU
		{C5F8D2FF-32F1-401B-ADE0-57FEF11CE038}.Release|x64.ActiveCfg = Release|Any CPU
		{C5F8D2FF-32F1-401B-ADE0-57FEF11CE038}.Release|x64.Build.0 = Release|Any CPU
		{C5F8D2FF-32F1-401B-ADE0-57FEF11CE038}.Release|x86.ActiveCfg = Release|Any CPU
		{C5F8D2FF-32F1-401B-ADE0-57FEF11CE038}.Release|x86.Build.0 = Release|Any CPU
		{C520D5E8-EE10-4891-944E-E994EB0ABCCB}.Debug|Any CPU.ActiveCfg = Debug|Any CPU
		{C520D5E8-EE10-4891-944E-E994EB0ABCCB}.Debug|Any CPU.Build.0 = Debug|Any CPU
		{C520D5E8-EE10-4891-944E-E994EB0ABCCB}.Debug|x64.ActiveCfg = Debug|Any CPU
		{C520D5E8-EE10-4891-944E-E994EB0ABCCB}.Debug|x64.Build.0 = Debug|Any CPU
		{C520D5E8-EE10-4891-944E-E994EB0ABCCB}.Debug|x86.ActiveCfg = Debug|Any CPU
		{C520D5E8-EE10-4891-944E-E994EB0ABCCB}.Debug|x86.Build.0 = Debug|Any CPU
		{C520D5E8-EE10-4891-944E-E994EB0ABCCB}.Release|Any CPU.ActiveCfg = Release|Any CPU
		{C520D5E8-EE10-4891-944E-E994EB0ABCCB}.Release|Any CPU.Build.0 = Release|Any CPU
		{C520D5E8-EE10-4891-944E-E994EB0ABCCB}.Release|x64.ActiveCfg = Release|Any CPU
		{C520D5E8-EE10-4891-944E-E994EB0ABCCB}.Release|x64.Build.0 = Release|Any CPU
		{C520D5E8-EE10-4891-944E-E994EB0ABCCB}.Release|x86.ActiveCfg = Release|Any CPU
		{C520D5E8-EE10-4891-944E-E994EB0ABCCB}.Release|x86.Build.0 = Release|Any CPU
		{CB18A3B4-84D0-4FBD-9F92-1A0A7934CF4E}.Debug|Any CPU.ActiveCfg = Debug|Any CPU
		{CB18A3B4-84D0-4FBD-9F92-1A0A7934CF4E}.Debug|Any CPU.Build.0 = Debug|Any CPU
		{CB18A3B4-84D0-4FBD-9F92-1A0A7934CF4E}.Debug|x64.ActiveCfg = Debug|Any CPU
		{CB18A3B4-84D0-4FBD-9F92-1A0A7934CF4E}.Debug|x64.Build.0 = Debug|Any CPU
		{CB18A3B4-84D0-4FBD-9F92-1A0A7934CF4E}.Debug|x86.ActiveCfg = Debug|Any CPU
		{CB18A3B4-84D0-4FBD-9F92-1A0A7934CF4E}.Debug|x86.Build.0 = Debug|Any CPU
		{CB18A3B4-84D0-4FBD-9F92-1A0A7934CF4E}.Release|Any CPU.ActiveCfg = Release|Any CPU
		{CB18A3B4-84D0-4FBD-9F92-1A0A7934CF4E}.Release|Any CPU.Build.0 = Release|Any CPU
		{CB18A3B4-84D0-4FBD-9F92-1A0A7934CF4E}.Release|x64.ActiveCfg = Release|Any CPU
		{CB18A3B4-84D0-4FBD-9F92-1A0A7934CF4E}.Release|x64.Build.0 = Release|Any CPU
		{CB18A3B4-84D0-4FBD-9F92-1A0A7934CF4E}.Release|x86.ActiveCfg = Release|Any CPU
		{CB18A3B4-84D0-4FBD-9F92-1A0A7934CF4E}.Release|x86.Build.0 = Release|Any CPU
		{31552177-9AED-467D-B9FF-9803FEC60CF8}.Debug|Any CPU.ActiveCfg = Debug|Any CPU
		{31552177-9AED-467D-B9FF-9803FEC60CF8}.Debug|Any CPU.Build.0 = Debug|Any CPU
		{31552177-9AED-467D-B9FF-9803FEC60CF8}.Debug|x64.ActiveCfg = Debug|Any CPU
		{31552177-9AED-467D-B9FF-9803FEC60CF8}.Debug|x64.Build.0 = Debug|Any CPU
		{31552177-9AED-467D-B9FF-9803FEC60CF8}.Debug|x86.ActiveCfg = Debug|Any CPU
		{31552177-9AED-467D-B9FF-9803FEC60CF8}.Debug|x86.Build.0 = Debug|Any CPU
		{31552177-9AED-467D-B9FF-9803FEC60CF8}.Release|Any CPU.ActiveCfg = Release|Any CPU
		{31552177-9AED-467D-B9FF-9803FEC60CF8}.Release|Any CPU.Build.0 = Release|Any CPU
		{31552177-9AED-467D-B9FF-9803FEC60CF8}.Release|x64.ActiveCfg = Release|Any CPU
		{31552177-9AED-467D-B9FF-9803FEC60CF8}.Release|x64.Build.0 = Release|Any CPU
		{31552177-9AED-467D-B9FF-9803FEC60CF8}.Release|x86.ActiveCfg = Release|Any CPU
		{31552177-9AED-467D-B9FF-9803FEC60CF8}.Release|x86.Build.0 = Release|Any CPU
		{12EE5274-B8A8-405F-B245-B5A4FA7B25C8}.Debug|Any CPU.ActiveCfg = Debug|Any CPU
		{12EE5274-B8A8-405F-B245-B5A4FA7B25C8}.Debug|Any CPU.Build.0 = Debug|Any CPU
		{12EE5274-B8A8-405F-B245-B5A4FA7B25C8}.Debug|x64.ActiveCfg = Debug|Any CPU
		{12EE5274-B8A8-405F-B245-B5A4FA7B25C8}.Debug|x64.Build.0 = Debug|Any CPU
		{12EE5274-B8A8-405F-B245-B5A4FA7B25C8}.Debug|x86.ActiveCfg = Debug|Any CPU
		{12EE5274-B8A8-405F-B245-B5A4FA7B25C8}.Debug|x86.Build.0 = Debug|Any CPU
		{12EE5274-B8A8-405F-B245-B5A4FA7B25C8}.Release|Any CPU.ActiveCfg = Release|Any CPU
		{12EE5274-B8A8-405F-B245-B5A4FA7B25C8}.Release|Any CPU.Build.0 = Release|Any CPU
		{12EE5274-B8A8-405F-B245-B5A4FA7B25C8}.Release|x64.ActiveCfg = Release|Any CPU
		{12EE5274-B8A8-405F-B245-B5A4FA7B25C8}.Release|x64.Build.0 = Release|Any CPU
		{12EE5274-B8A8-405F-B245-B5A4FA7B25C8}.Release|x86.ActiveCfg = Release|Any CPU
		{12EE5274-B8A8-405F-B245-B5A4FA7B25C8}.Release|x86.Build.0 = Release|Any CPU
		{3663847D-5FCA-4B0F-A831-3CFC739F6998}.Debug|Any CPU.ActiveCfg = Debug|Any CPU
		{3663847D-5FCA-4B0F-A831-3CFC739F6998}.Debug|Any CPU.Build.0 = Debug|Any CPU
		{3663847D-5FCA-4B0F-A831-3CFC739F6998}.Debug|x64.ActiveCfg = Debug|Any CPU
		{3663847D-5FCA-4B0F-A831-3CFC739F6998}.Debug|x64.Build.0 = Debug|Any CPU
		{3663847D-5FCA-4B0F-A831-3CFC739F6998}.Debug|x86.ActiveCfg = Debug|Any CPU
		{3663847D-5FCA-4B0F-A831-3CFC739F6998}.Debug|x86.Build.0 = Debug|Any CPU
		{3663847D-5FCA-4B0F-A831-3CFC739F6998}.Release|Any CPU.ActiveCfg = Release|Any CPU
		{3663847D-5FCA-4B0F-A831-3CFC739F6998}.Release|Any CPU.Build.0 = Release|Any CPU
		{3663847D-5FCA-4B0F-A831-3CFC739F6998}.Release|x64.ActiveCfg = Release|Any CPU
		{3663847D-5FCA-4B0F-A831-3CFC739F6998}.Release|x64.Build.0 = Release|Any CPU
		{3663847D-5FCA-4B0F-A831-3CFC739F6998}.Release|x86.ActiveCfg = Release|Any CPU
		{3663847D-5FCA-4B0F-A831-3CFC739F6998}.Release|x86.Build.0 = Release|Any CPU
		{07536F21-3CD7-4CC2-93D8-5E5C18736A24}.Debug|Any CPU.ActiveCfg = Debug|Any CPU
		{07536F21-3CD7-4CC2-93D8-5E5C18736A24}.Debug|Any CPU.Build.0 = Debug|Any CPU
		{07536F21-3CD7-4CC2-93D8-5E5C18736A24}.Debug|x64.ActiveCfg = Debug|Any CPU
		{07536F21-3CD7-4CC2-93D8-5E5C18736A24}.Debug|x64.Build.0 = Debug|Any CPU
		{07536F21-3CD7-4CC2-93D8-5E5C18736A24}.Debug|x86.ActiveCfg = Debug|Any CPU
		{07536F21-3CD7-4CC2-93D8-5E5C18736A24}.Debug|x86.Build.0 = Debug|Any CPU
		{07536F21-3CD7-4CC2-93D8-5E5C18736A24}.Release|Any CPU.ActiveCfg = Release|Any CPU
		{07536F21-3CD7-4CC2-93D8-5E5C18736A24}.Release|Any CPU.Build.0 = Release|Any CPU
		{07536F21-3CD7-4CC2-93D8-5E5C18736A24}.Release|x64.ActiveCfg = Release|Any CPU
		{07536F21-3CD7-4CC2-93D8-5E5C18736A24}.Release|x64.Build.0 = Release|Any CPU
		{07536F21-3CD7-4CC2-93D8-5E5C18736A24}.Release|x86.ActiveCfg = Release|Any CPU
		{07536F21-3CD7-4CC2-93D8-5E5C18736A24}.Release|x86.Build.0 = Release|Any CPU
		{F6E9EBC7-8C62-4C1E-AB1E-C1AE1335F774}.Debug|Any CPU.ActiveCfg = Debug|Any CPU
		{F6E9EBC7-8C62-4C1E-AB1E-C1AE1335F774}.Debug|Any CPU.Build.0 = Debug|Any CPU
		{F6E9EBC7-8C62-4C1E-AB1E-C1AE1335F774}.Debug|x64.ActiveCfg = Debug|Any CPU
		{F6E9EBC7-8C62-4C1E-AB1E-C1AE1335F774}.Debug|x64.Build.0 = Debug|Any CPU
		{F6E9EBC7-8C62-4C1E-AB1E-C1AE1335F774}.Debug|x86.ActiveCfg = Debug|Any CPU
		{F6E9EBC7-8C62-4C1E-AB1E-C1AE1335F774}.Debug|x86.Build.0 = Debug|Any CPU
		{F6E9EBC7-8C62-4C1E-AB1E-C1AE1335F774}.Release|Any CPU.ActiveCfg = Release|Any CPU
		{F6E9EBC7-8C62-4C1E-AB1E-C1AE1335F774}.Release|Any CPU.Build.0 = Release|Any CPU
		{F6E9EBC7-8C62-4C1E-AB1E-C1AE1335F774}.Release|x64.ActiveCfg = Release|Any CPU
		{F6E9EBC7-8C62-4C1E-AB1E-C1AE1335F774}.Release|x64.Build.0 = Release|Any CPU
		{F6E9EBC7-8C62-4C1E-AB1E-C1AE1335F774}.Release|x86.ActiveCfg = Release|Any CPU
		{F6E9EBC7-8C62-4C1E-AB1E-C1AE1335F774}.Release|x86.Build.0 = Release|Any CPU
		{60C15682-09AC-46F8-9F22-9850E19E37DD}.Debug|Any CPU.ActiveCfg = Debug|Any CPU
		{60C15682-09AC-46F8-9F22-9850E19E37DD}.Debug|Any CPU.Build.0 = Debug|Any CPU
		{60C15682-09AC-46F8-9F22-9850E19E37DD}.Debug|x64.ActiveCfg = Debug|Any CPU
		{60C15682-09AC-46F8-9F22-9850E19E37DD}.Debug|x64.Build.0 = Debug|Any CPU
		{60C15682-09AC-46F8-9F22-9850E19E37DD}.Debug|x86.ActiveCfg = Debug|Any CPU
		{60C15682-09AC-46F8-9F22-9850E19E37DD}.Debug|x86.Build.0 = Debug|Any CPU
		{60C15682-09AC-46F8-9F22-9850E19E37DD}.Release|Any CPU.ActiveCfg = Release|Any CPU
		{60C15682-09AC-46F8-9F22-9850E19E37DD}.Release|Any CPU.Build.0 = Release|Any CPU
		{60C15682-09AC-46F8-9F22-9850E19E37DD}.Release|x64.ActiveCfg = Release|Any CPU
		{60C15682-09AC-46F8-9F22-9850E19E37DD}.Release|x64.Build.0 = Release|Any CPU
		{60C15682-09AC-46F8-9F22-9850E19E37DD}.Release|x86.ActiveCfg = Release|Any CPU
		{60C15682-09AC-46F8-9F22-9850E19E37DD}.Release|x86.Build.0 = Release|Any CPU
		{6073DC3E-954E-487E-9A2B-4E4F29E196A3}.Debug|Any CPU.ActiveCfg = Debug|Any CPU
		{6073DC3E-954E-487E-9A2B-4E4F29E196A3}.Debug|Any CPU.Build.0 = Debug|Any CPU
		{6073DC3E-954E-487E-9A2B-4E4F29E196A3}.Debug|x64.ActiveCfg = Debug|Any CPU
		{6073DC3E-954E-487E-9A2B-4E4F29E196A3}.Debug|x64.Build.0 = Debug|Any CPU
		{6073DC3E-954E-487E-9A2B-4E4F29E196A3}.Debug|x86.ActiveCfg = Debug|Any CPU
		{6073DC3E-954E-487E-9A2B-4E4F29E196A3}.Debug|x86.Build.0 = Debug|Any CPU
		{6073DC3E-954E-487E-9A2B-4E4F29E196A3}.Release|Any CPU.ActiveCfg = Release|Any CPU
		{6073DC3E-954E-487E-9A2B-4E4F29E196A3}.Release|Any CPU.Build.0 = Release|Any CPU
		{6073DC3E-954E-487E-9A2B-4E4F29E196A3}.Release|x64.ActiveCfg = Release|Any CPU
		{6073DC3E-954E-487E-9A2B-4E4F29E196A3}.Release|x64.Build.0 = Release|Any CPU
		{6073DC3E-954E-487E-9A2B-4E4F29E196A3}.Release|x86.ActiveCfg = Release|Any CPU
		{6073DC3E-954E-487E-9A2B-4E4F29E196A3}.Release|x86.Build.0 = Release|Any CPU
		{E5D31024-669D-49B3-9E58-B5A7EEED20AA}.Debug|Any CPU.ActiveCfg = Debug|Any CPU
		{E5D31024-669D-49B3-9E58-B5A7EEED20AA}.Debug|Any CPU.Build.0 = Debug|Any CPU
		{E5D31024-669D-49B3-9E58-B5A7EEED20AA}.Debug|x64.ActiveCfg = Debug|Any CPU
		{E5D31024-669D-49B3-9E58-B5A7EEED20AA}.Debug|x64.Build.0 = Debug|Any CPU
		{E5D31024-669D-49B3-9E58-B5A7EEED20AA}.Debug|x86.ActiveCfg = Debug|Any CPU
		{E5D31024-669D-49B3-9E58-B5A7EEED20AA}.Debug|x86.Build.0 = Debug|Any CPU
		{E5D31024-669D-49B3-9E58-B5A7EEED20AA}.Release|Any CPU.ActiveCfg = Release|Any CPU
		{E5D31024-669D-49B3-9E58-B5A7EEED20AA}.Release|Any CPU.Build.0 = Release|Any CPU
		{E5D31024-669D-49B3-9E58-B5A7EEED20AA}.Release|x64.ActiveCfg = Release|Any CPU
		{E5D31024-669D-49B3-9E58-B5A7EEED20AA}.Release|x64.Build.0 = Release|Any CPU
		{E5D31024-669D-49B3-9E58-B5A7EEED20AA}.Release|x86.ActiveCfg = Release|Any CPU
		{E5D31024-669D-49B3-9E58-B5A7EEED20AA}.Release|x86.Build.0 = Release|Any CPU
		{E22B2938-C8F3-434F-A08A-C5DE00CC72C2}.Debug|Any CPU.ActiveCfg = Debug|Any CPU
		{E22B2938-C8F3-434F-A08A-C5DE00CC72C2}.Debug|Any CPU.Build.0 = Debug|Any CPU
		{E22B2938-C8F3-434F-A08A-C5DE00CC72C2}.Debug|x64.ActiveCfg = Debug|Any CPU
		{E22B2938-C8F3-434F-A08A-C5DE00CC72C2}.Debug|x64.Build.0 = Debug|Any CPU
		{E22B2938-C8F3-434F-A08A-C5DE00CC72C2}.Debug|x86.ActiveCfg = Debug|Any CPU
		{E22B2938-C8F3-434F-A08A-C5DE00CC72C2}.Debug|x86.Build.0 = Debug|Any CPU
		{E22B2938-C8F3-434F-A08A-C5DE00CC72C2}.Release|Any CPU.ActiveCfg = Release|Any CPU
		{E22B2938-C8F3-434F-A08A-C5DE00CC72C2}.Release|Any CPU.Build.0 = Release|Any CPU
		{E22B2938-C8F3-434F-A08A-C5DE00CC72C2}.Release|x64.ActiveCfg = Release|Any CPU
		{E22B2938-C8F3-434F-A08A-C5DE00CC72C2}.Release|x64.Build.0 = Release|Any CPU
		{E22B2938-C8F3-434F-A08A-C5DE00CC72C2}.Release|x86.ActiveCfg = Release|Any CPU
		{E22B2938-C8F3-434F-A08A-C5DE00CC72C2}.Release|x86.Build.0 = Release|Any CPU
		{F5411129-E3FE-456A-A363-6A4095C964B4}.Debug|Any CPU.ActiveCfg = Debug|Any CPU
		{F5411129-E3FE-456A-A363-6A4095C964B4}.Debug|Any CPU.Build.0 = Debug|Any CPU
		{F5411129-E3FE-456A-A363-6A4095C964B4}.Debug|x64.ActiveCfg = Debug|Any CPU
		{F5411129-E3FE-456A-A363-6A4095C964B4}.Debug|x64.Build.0 = Debug|Any CPU
		{F5411129-E3FE-456A-A363-6A4095C964B4}.Debug|x86.ActiveCfg = Debug|Any CPU
		{F5411129-E3FE-456A-A363-6A4095C964B4}.Debug|x86.Build.0 = Debug|Any CPU
		{F5411129-E3FE-456A-A363-6A4095C964B4}.Release|Any CPU.ActiveCfg = Release|Any CPU
		{F5411129-E3FE-456A-A363-6A4095C964B4}.Release|Any CPU.Build.0 = Release|Any CPU
		{F5411129-E3FE-456A-A363-6A4095C964B4}.Release|x64.ActiveCfg = Release|Any CPU
		{F5411129-E3FE-456A-A363-6A4095C964B4}.Release|x64.Build.0 = Release|Any CPU
		{F5411129-E3FE-456A-A363-6A4095C964B4}.Release|x86.ActiveCfg = Release|Any CPU
		{F5411129-E3FE-456A-A363-6A4095C964B4}.Release|x86.Build.0 = Release|Any CPU
		{86CB6CEF-C6FC-448B-B8BF-F0C3A711AFCF}.Debug|Any CPU.ActiveCfg = Debug|Any CPU
		{86CB6CEF-C6FC-448B-B8BF-F0C3A711AFCF}.Debug|Any CPU.Build.0 = Debug|Any CPU
		{86CB6CEF-C6FC-448B-B8BF-F0C3A711AFCF}.Debug|x64.ActiveCfg = Debug|Any CPU
		{86CB6CEF-C6FC-448B-B8BF-F0C3A711AFCF}.Debug|x64.Build.0 = Debug|Any CPU
		{86CB6CEF-C6FC-448B-B8BF-F0C3A711AFCF}.Debug|x86.ActiveCfg = Debug|Any CPU
		{86CB6CEF-C6FC-448B-B8BF-F0C3A711AFCF}.Debug|x86.Build.0 = Debug|Any CPU
		{86CB6CEF-C6FC-448B-B8BF-F0C3A711AFCF}.Release|Any CPU.ActiveCfg = Release|Any CPU
		{86CB6CEF-C6FC-448B-B8BF-F0C3A711AFCF}.Release|Any CPU.Build.0 = Release|Any CPU
		{86CB6CEF-C6FC-448B-B8BF-F0C3A711AFCF}.Release|x64.ActiveCfg = Release|Any CPU
		{86CB6CEF-C6FC-448B-B8BF-F0C3A711AFCF}.Release|x64.Build.0 = Release|Any CPU
		{86CB6CEF-C6FC-448B-B8BF-F0C3A711AFCF}.Release|x86.ActiveCfg = Release|Any CPU
		{86CB6CEF-C6FC-448B-B8BF-F0C3A711AFCF}.Release|x86.Build.0 = Release|Any CPU
		{A03DEA2B-3C12-4952-BECD-04C5AEE0F566}.Debug|Any CPU.ActiveCfg = Debug|Any CPU
		{A03DEA2B-3C12-4952-BECD-04C5AEE0F566}.Debug|Any CPU.Build.0 = Debug|Any CPU
		{A03DEA2B-3C12-4952-BECD-04C5AEE0F566}.Debug|x64.ActiveCfg = Debug|Any CPU
		{A03DEA2B-3C12-4952-BECD-04C5AEE0F566}.Debug|x64.Build.0 = Debug|Any CPU
		{A03DEA2B-3C12-4952-BECD-04C5AEE0F566}.Debug|x86.ActiveCfg = Debug|Any CPU
		{A03DEA2B-3C12-4952-BECD-04C5AEE0F566}.Debug|x86.Build.0 = Debug|Any CPU
		{A03DEA2B-3C12-4952-BECD-04C5AEE0F566}.Release|Any CPU.ActiveCfg = Release|Any CPU
		{A03DEA2B-3C12-4952-BECD-04C5AEE0F566}.Release|Any CPU.Build.0 = Release|Any CPU
		{A03DEA2B-3C12-4952-BECD-04C5AEE0F566}.Release|x64.ActiveCfg = Release|Any CPU
		{A03DEA2B-3C12-4952-BECD-04C5AEE0F566}.Release|x64.Build.0 = Release|Any CPU
		{A03DEA2B-3C12-4952-BECD-04C5AEE0F566}.Release|x86.ActiveCfg = Release|Any CPU
		{A03DEA2B-3C12-4952-BECD-04C5AEE0F566}.Release|x86.Build.0 = Release|Any CPU
		{8FB23826-B21E-4801-8215-F249A2DB7950}.Debug|Any CPU.ActiveCfg = Debug|Any CPU
		{8FB23826-B21E-4801-8215-F249A2DB7950}.Debug|Any CPU.Build.0 = Debug|Any CPU
		{8FB23826-B21E-4801-8215-F249A2DB7950}.Debug|x64.ActiveCfg = Debug|Any CPU
		{8FB23826-B21E-4801-8215-F249A2DB7950}.Debug|x64.Build.0 = Debug|Any CPU
		{8FB23826-B21E-4801-8215-F249A2DB7950}.Debug|x86.ActiveCfg = Debug|Any CPU
		{8FB23826-B21E-4801-8215-F249A2DB7950}.Debug|x86.Build.0 = Debug|Any CPU
		{8FB23826-B21E-4801-8215-F249A2DB7950}.Release|Any CPU.ActiveCfg = Release|Any CPU
		{8FB23826-B21E-4801-8215-F249A2DB7950}.Release|Any CPU.Build.0 = Release|Any CPU
		{8FB23826-B21E-4801-8215-F249A2DB7950}.Release|x64.ActiveCfg = Release|Any CPU
		{8FB23826-B21E-4801-8215-F249A2DB7950}.Release|x64.Build.0 = Release|Any CPU
		{8FB23826-B21E-4801-8215-F249A2DB7950}.Release|x86.ActiveCfg = Release|Any CPU
		{8FB23826-B21E-4801-8215-F249A2DB7950}.Release|x86.Build.0 = Release|Any CPU
		{C61A998E-E882-498C-B4A5-324DB58A95AD}.Debug|Any CPU.ActiveCfg = Debug|Any CPU
		{C61A998E-E882-498C-B4A5-324DB58A95AD}.Debug|Any CPU.Build.0 = Debug|Any CPU
		{C61A998E-E882-498C-B4A5-324DB58A95AD}.Debug|x64.ActiveCfg = Debug|Any CPU
		{C61A998E-E882-498C-B4A5-324DB58A95AD}.Debug|x64.Build.0 = Debug|Any CPU
		{C61A998E-E882-498C-B4A5-324DB58A95AD}.Debug|x86.ActiveCfg = Debug|Any CPU
		{C61A998E-E882-498C-B4A5-324DB58A95AD}.Debug|x86.Build.0 = Debug|Any CPU
		{C61A998E-E882-498C-B4A5-324DB58A95AD}.Release|Any CPU.ActiveCfg = Release|Any CPU
		{C61A998E-E882-498C-B4A5-324DB58A95AD}.Release|Any CPU.Build.0 = Release|Any CPU
		{C61A998E-E882-498C-B4A5-324DB58A95AD}.Release|x64.ActiveCfg = Release|Any CPU
		{C61A998E-E882-498C-B4A5-324DB58A95AD}.Release|x64.Build.0 = Release|Any CPU
		{C61A998E-E882-498C-B4A5-324DB58A95AD}.Release|x86.ActiveCfg = Release|Any CPU
		{C61A998E-E882-498C-B4A5-324DB58A95AD}.Release|x86.Build.0 = Release|Any CPU
		{5A63197E-8C58-4361-AF75-5B5548CB4C2B}.Debug|Any CPU.ActiveCfg = Debug|Any CPU
		{5A63197E-8C58-4361-AF75-5B5548CB4C2B}.Debug|Any CPU.Build.0 = Debug|Any CPU
		{5A63197E-8C58-4361-AF75-5B5548CB4C2B}.Debug|x64.ActiveCfg = Debug|Any CPU
		{5A63197E-8C58-4361-AF75-5B5548CB4C2B}.Debug|x64.Build.0 = Debug|Any CPU
		{5A63197E-8C58-4361-AF75-5B5548CB4C2B}.Debug|x86.ActiveCfg = Debug|Any CPU
		{5A63197E-8C58-4361-AF75-5B5548CB4C2B}.Debug|x86.Build.0 = Debug|Any CPU
		{5A63197E-8C58-4361-AF75-5B5548CB4C2B}.Release|Any CPU.ActiveCfg = Release|Any CPU
		{5A63197E-8C58-4361-AF75-5B5548CB4C2B}.Release|Any CPU.Build.0 = Release|Any CPU
		{5A63197E-8C58-4361-AF75-5B5548CB4C2B}.Release|x64.ActiveCfg = Release|Any CPU
		{5A63197E-8C58-4361-AF75-5B5548CB4C2B}.Release|x64.Build.0 = Release|Any CPU
		{5A63197E-8C58-4361-AF75-5B5548CB4C2B}.Release|x86.ActiveCfg = Release|Any CPU
		{5A63197E-8C58-4361-AF75-5B5548CB4C2B}.Release|x86.Build.0 = Release|Any CPU
		{411DC427-0455-4844-B878-D4726026A382}.Debug|Any CPU.ActiveCfg = Debug|Any CPU
		{411DC427-0455-4844-B878-D4726026A382}.Debug|Any CPU.Build.0 = Debug|Any CPU
		{411DC427-0455-4844-B878-D4726026A382}.Debug|x64.ActiveCfg = Debug|Any CPU
		{411DC427-0455-4844-B878-D4726026A382}.Debug|x64.Build.0 = Debug|Any CPU
		{411DC427-0455-4844-B878-D4726026A382}.Debug|x86.ActiveCfg = Debug|Any CPU
		{411DC427-0455-4844-B878-D4726026A382}.Debug|x86.Build.0 = Debug|Any CPU
		{411DC427-0455-4844-B878-D4726026A382}.Release|Any CPU.ActiveCfg = Release|Any CPU
		{411DC427-0455-4844-B878-D4726026A382}.Release|Any CPU.Build.0 = Release|Any CPU
		{411DC427-0455-4844-B878-D4726026A382}.Release|x64.ActiveCfg = Release|Any CPU
		{411DC427-0455-4844-B878-D4726026A382}.Release|x64.Build.0 = Release|Any CPU
		{411DC427-0455-4844-B878-D4726026A382}.Release|x86.ActiveCfg = Release|Any CPU
		{411DC427-0455-4844-B878-D4726026A382}.Release|x86.Build.0 = Release|Any CPU
	EndGlobalSection
	GlobalSection(SolutionProperties) = preSolution
		HideSolutionNode = FALSE
	EndGlobalSection
	GlobalSection(ExtensibilityGlobals) = postSolution
		SolutionGuid = {5E73F55D-9E6D-4520-852D-7357AB5F9A61}
	EndGlobalSection
EndGlobal
